
Microsoft Visual Studio Solution File, Format Version 12.00
# Visual Studio Version 17
VisualStudioVersion = 17.14.36414.22 d17.14
MinimumVisualStudioVersion = 10.0.40219.1
Project("{FAE04EC0-301F-11D3-BF4B-00C04F79EFBC}") = "Projection IS 1.1", "Projection IS 1.1\Projection IS 1.1.csproj", "{DB5A564D-ADE9-4FC3-9CC7-9AAD64375CFB}"
EndProject
Global
	GlobalSection(SolutionConfigurationPlatforms) = preSolution
		Debug|Any CPU = Debug|Any CPU
		Release|Any CPU = Release|Any CPU
	EndGlobalSection
	GlobalSection(ProjectConfigurationPlatforms) = postSolution
		{DB5A564D-ADE9-4FC3-9CC7-9AAD64375CFB}.Debug|Any CPU.ActiveCfg = Debug|Any CPU
		{DB5A564D-ADE9-4FC3-9CC7-9AAD64375CFB}.Debug|Any CPU.Build.0 = Debug|Any CPU
		{DB5A564D-ADE9-4FC3-9CC7-9AAD64375CFB}.Release|Any CPU.ActiveCfg = Release|Any CPU
		{DB5A564D-ADE9-4FC3-9CC7-9AAD64375CFB}.Release|Any CPU.Build.0 = Release|Any CPU
	EndGlobalSection
	GlobalSection(SolutionProperties) = preSolution
		HideSolutionNode = FALSE
	EndGlobalSection
	GlobalSection(ExtensibilityGlobals) = postSolution
		SolutionGuid = {4E0E8369-53F3-4CDF-BD7B-86780D4DD5F7}
	EndGlobalSection
EndGlobal
